
Microsoft Visual Studio Solution File, Format Version 12.00
# Visual Studio Version 17
VisualStudioVersion = 17.13.35919.96 d17.13
MinimumVisualStudioVersion = 10.0.40219.1
Project("{8BC9CEB8-8B4A-11D0-8D11-00A0C91BC942}") = "Bang!_arrayQueue", "Bang!_arrayQueue\Bang!_arrayQueue.vcxproj", "{6D780A1B-3612-4F57-9B3B-DEC9731086F0}"
EndProject
Global
	GlobalSection(SolutionConfigurationPlatforms) = preSolution
		Debug|x64 = Debug|x64
		Debug|x86 = Debug|x86
		Release|x64 = Release|x64
		Release|x86 = Release|x86
	EndGlobalSection
	GlobalSection(ProjectConfigurationPlatforms) = postSolution
		{6D780A1B-3612-4F57-9B3B-DEC9731086F0}.Debug|x64.ActiveCfg = Debug|x64
		{6D780A1B-3612-4F57-9B3B-DEC9731086F0}.Debug|x64.Build.0 = Debug|x64
		{6D780A1B-3612-4F57-9B3B-DEC9731086F0}.Debug|x86.ActiveCfg = Debug|Win32
		{6D780A1B-3612-4F57-9B3B-DEC9731086F0}.Debug|x86.Build.0 = Debug|Win32
		{6D780A1B-3612-4F57-9B3B-DEC9731086F0}.Release|x64.ActiveCfg = Release|x64
		{6D780A1B-3612-4F57-9B3B-DEC9731086F0}.Release|x64.Build.0 = Release|x64
		{6D780A1B-3612-4F57-9B3B-DEC9731086F0}.Release|x86.ActiveCfg = Release|Win32
		{6D780A1B-3612-4F57-9B3B-DEC9731086F0}.Release|x86.Build.0 = Release|Win32
	EndGlobalSection
	GlobalSection(SolutionProperties) = preSolution
		HideSolutionNode = FALSE
	EndGlobalSection
	GlobalSection(ExtensibilityGlobals) = postSolution
		SolutionGuid = {176C422E-C49E-41E3-9F03-874C79BC2E0B}
	EndGlobalSection
EndGlobal
